// !$*UTF8*$!
{
	archiveVersion = 1;
	classes = {
	};
	objectVersion = 56;
	objects = {

/* Begin PBXBuildFile section */
		F734BAB32B05888F005E4F63 /* Medicin_lab_ShinApp.swift in Sources */ = {isa = PBXBuildFile; fileRef = F734BAB22B05888F005E4F63 /* Medicin_lab_ShinApp.swift */; };
		F734BAB52B05888F005E4F63 /* ContentView.swift in Sources */ = {isa = PBXBuildFile; fileRef = F734BAB42B05888F005E4F63 /* ContentView.swift */; };
		F734BAB72B058890005E4F63 /* Assets.xcassets in Resources */ = {isa = PBXBuildFile; fileRef = F734BAB62B058890005E4F63 /* Assets.xcassets */; };
		F734BABA2B058890005E4F63 /* Preview Assets.xcassets in Resources */ = {isa = PBXBuildFile; fileRef = F734BAB92B058890005E4F63 /* Preview Assets.xcassets */; };
		F734BAC12B058AA5005E4F63 /* HeaderView.swift in Sources */ = {isa = PBXBuildFile; fileRef = F734BAC02B058AA5005E4F63 /* HeaderView.swift */; };
		F734BAC32B058F3E005E4F63 /* CircleImage.swift in Sources */ = {isa = PBXBuildFile; fileRef = F734BAC22B058F3E005E4F63 /* CircleImage.swift */; };
		F734BAC72B0592DC005E4F63 /* NameHeader.swift in Sources */ = {isa = PBXBuildFile; fileRef = F734BAC62B0592DC005E4F63 /* NameHeader.swift */; };
		F734BACA2B059438005E4F63 /* Theme.swift in Sources */ = {isa = PBXBuildFile; fileRef = F734BAC92B059438005E4F63 /* Theme.swift */; };
		F734BACC2B0595FE005E4F63 /* CardModel.swift in Sources */ = {isa = PBXBuildFile; fileRef = F734BACB2B0595FE005E4F63 /* CardModel.swift */; };
		F7AB38B12B05A12900BDD5A2 /* CardView.swift in Sources */ = {isa = PBXBuildFile; fileRef = F7AB38B02B05A12900BDD5A2 /* CardView.swift */; };
/* End PBXBuildFile section */

/* Begin PBXFileReference section */
		F734BAAF2B05888F005E4F63 /* Medicin_lab_Shin.app */ = {isa = PBXFileReference; explicitFileType = wrapper.application; includeInIndex = 0; path = Medicin_lab_Shin.app; sourceTree = BUILT_PRODUCTS_DIR; };
		F734BAB22B05888F005E4F63 /* Medicin_lab_ShinApp.swift */ = {isa = PBXFileReference; lastKnownFileType = sourcecode.swift; path = Medicin_lab_ShinApp.swift; sourceTree = "<group>"; };
		F734BAB42B05888F005E4F63 /* ContentView.swift */ = {isa = PBXFileReference; lastKnownFileType = sourcecode.swift; path = ContentView.swift; sourceTree = "<group>"; };
		F734BAB62B058890005E4F63 /* Assets.xcassets */ = {isa = PBXFileReference; lastKnownFileType = folder.assetcatalog; path = Assets.xcassets; sourceTree = "<group>"; };
		F734BAB92B058890005E4F63 /* Preview Assets.xcassets */ = {isa = PBXFileReference; lastKnownFileType = folder.assetcatalog; path = "Preview Assets.xcassets"; sourceTree = "<group>"; };
		F734BAC02B058AA5005E4F63 /* HeaderView.swift */ = {isa = PBXFileReference; lastKnownFileType = sourcecode.swift; path = HeaderView.swift; sourceTree = "<group>"; };
		F734BAC22B058F3E005E4F63 /* CircleImage.swift */ = {isa = PBXFileReference; lastKnownFileType = sourcecode.swift; path = CircleImage.swift; sourceTree = "<group>"; };
		F734BAC62B0592DC005E4F63 /* NameHeader.swift */ = {isa = PBXFileReference; lastKnownFileType = sourcecode.swift; path = NameHeader.swift; sourceTree = "<group>"; };
		F734BAC92B059438005E4F63 /* Theme.swift */ = {isa = PBXFileReference; lastKnownFileType = sourcecode.swift; path = Theme.swift; sourceTree = "<group>"; };
		F734BACB2B0595FE005E4F63 /* CardModel.swift */ = {isa = PBXFileReference; lastKnownFileType = sourcecode.swift; path = CardModel.swift; sourceTree = "<group>"; };
		F7AB38B02B05A12900BDD5A2 /* CardView.swift */ = {isa = PBXFileReference; lastKnownFileType = sourcecode.swift; path = CardView.swift; sourceTree = "<group>"; };
/* End PBXFileReference section */

/* Begin PBXFrameworksBuildPhase section */
		F734BAAC2B05888F005E4F63 /* Frameworks */ = {
			isa = PBXFrameworksBuildPhase;
			buildActionMask = 2147483647;
			files = (
			);
			runOnlyForDeploymentPostprocessing = 0;
		};
/* End PBXFrameworksBuildPhase section */

/* Begin PBXGroup section */
		F734BAA62B05888F005E4F63 = {
			isa = PBXGroup;
			children = (
				F734BAC82B05940D005E4F63 /* Models */,
				F734BAB12B05888F005E4F63 /* Medicin_lab_Shin */,
				F734BAB02B05888F005E4F63 /* Products */,
			);
			sourceTree = "<group>";
		};
		F734BAB02B05888F005E4F63 /* Products */ = {
			isa = PBXGroup;
			children = (
				F734BAAF2B05888F005E4F63 /* Medicin_lab_Shin.app */,
			);
			name = Products;
			sourceTree = "<group>";
		};
		F734BAB12B05888F005E4F63 /* Medicin_lab_Shin */ = {
			isa = PBXGroup;
			children = (
				F734BAC62B0592DC005E4F63 /* NameHeader.swift */,
				F734BAB22B05888F005E4F63 /* Medicin_lab_ShinApp.swift */,
				F734BAB42B05888F005E4F63 /* ContentView.swift */,
				F734BAC02B058AA5005E4F63 /* HeaderView.swift */,
				F734BAB62B058890005E4F63 /* Assets.xcassets */,
				F734BAB82B058890005E4F63 /* Preview Content */,
				F734BAC22B058F3E005E4F63 /* CircleImage.swift */,
				F7AB38B02B05A12900BDD5A2 /* CardView.swift */,
			);
			path = Medicin_lab_Shin;
			sourceTree = "<group>";
		};
		F734BAB82B058890005E4F63 /* Preview Content */ = {
			isa = PBXGroup;
			children = (
				F734BAB92B058890005E4F63 /* Preview Assets.xcassets */,
			);
			path = "Preview Content";
			sourceTree = "<group>";
		};
		F734BAC82B05940D005E4F63 /* Models */ = {
			isa = PBXGroup;
			children = (
				F734BAC92B059438005E4F63 /* Theme.swift */,
				F734BACB2B0595FE005E4F63 /* CardModel.swift */,
			);
			name = Models;
			sourceTree = "<group>";
		};
/* End PBXGroup section */

/* Begin PBXNativeTarget section */
		F734BAAE2B05888F005E4F63 /* Medicin_lab_Shin */ = {
			isa = PBXNativeTarget;
			buildConfigurationList = F734BABD2B058890005E4F63 /* Build configuration list for PBXNativeTarget "Medicin_lab_Shin" */;
			buildPhases = (
				F734BAAB2B05888F005E4F63 /* Sources */,
				F734BAAC2B05888F005E4F63 /* Frameworks */,
				F734BAAD2B05888F005E4F63 /* Resources */,
			);
			buildRules = (
			);
			dependencies = (
			);
			name = Medicin_lab_Shin;
			productName = Medicin_lab_Shin;
			productReference = F734BAAF2B05888F005E4F63 /* Medicin_lab_Shin.app */;
			productType = "com.apple.product-type.application";
		};
/* End PBXNativeTarget section */

/* Begin PBXProject section */
		F734BAA72B05888F005E4F63 /* Project object */ = {
			isa = PBXProject;
			attributes = {
				BuildIndependentTargetsInParallel = 1;
				LastSwiftUpdateCheck = 1430;
				LastUpgradeCheck = 1430;
				TargetAttributes = {
					F734BAAE2B05888F005E4F63 = {
						CreatedOnToolsVersion = 14.3.1;
					};
				};
			};
			buildConfigurationList = F734BAAA2B05888F005E4F63 /* Build configuration list for PBXProject "Medicin_lab_Shin" */;
			compatibilityVersion = "Xcode 14.0";
			developmentRegion = en;
			hasScannedForEncodings = 0;
			knownRegions = (
				en,
				Base,
			);
			mainGroup = F734BAA62B05888F005E4F63;
			productRefGroup = F734BAB02B05888F005E4F63 /* Products */;
			projectDirPath = "";
			projectRoot = "";
			targets = (
				F734BAAE2B05888F005E4F63 /* Medicin_lab_Shin */,
			);
		};
/* End PBXProject section */

/* Begin PBXResourcesBuildPhase section */
		F734BAAD2B05888F005E4F63 /* Resources */ = {
			isa = PBXResourcesBuildPhase;
			buildActionMask = 2147483647;
			files = (
				F734BABA2B058890005E4F63 /* Preview Assets.xcassets in Resources */,
				F734BAB72B058890005E4F63 /* Assets.xcassets in Resources */,
			);
			runOnlyForDeploymentPostprocessing = 0;
		};
/* End PBXResourcesBuildPhase section */

/* Begin PBXSourcesBuildPhase section */
		F734BAAB2B05888F005E4F63 /* Sources */ = {
			isa = PBXSourcesBuildPhase;
			buildActionMask = 2147483647;
			files = (
				F734BAB52B05888F005E4F63 /* ContentView.swift in Sources */,
				F734BAC32B058F3E005E4F63 /* CircleImage.swift in Sources */,
				F734BAC72B0592DC005E4F63 /* NameHeader.swift in Sources */,
				F734BACC2B0595FE005E4F63 /* CardModel.swift in Sources */,
				F734BACA2B059438005E4F63 /* Theme.swift in Sources */,
				F734BAC12B058AA5005E4F63 /* HeaderView.swift in Sources */,
				F7AB38B12B05A12900BDD5A2 /* CardView.swift in Sources */,
				F734BAB32B05888F005E4F63 /* Medicin_lab_ShinApp.swift in Sources */,
			);
			runOnlyForDeploymentPostprocessing = 0;
		};
/* End PBXSourcesBuildPhase section */

/* Begin XCBuildConfiguration section */
		F734BABB2B058890005E4F63 /* Debug */ = {
			isa = XCBuildConfiguration;
			buildSettings = {
				ALWAYS_SEARCH_USER_PATHS = NO;
				CLANG_ANALYZER_NONNULL = YES;
				CLANG_ANALYZER_NUMBER_OBJECT_CONVERSION = YES_AGGRESSIVE;
				CLANG_CXX_LANGUAGE_STANDARD = "gnu++20";
				CLANG_ENABLE_MODULES = YES;
				CLANG_ENABLE_OBJC_ARC = YES;
				CLANG_ENABLE_OBJC_WEAK = YES;
				CLANG_WARN_BLOCK_CAPTURE_AUTORELEASING = YES;
				CLANG_WARN_BOOL_CONVERSION = YES;
				CLANG_WARN_COMMA = YES;
				CLANG_WARN_CONSTANT_CONVERSION = YES;
				CLANG_WARN_DEPRECATED_OBJC_IMPLEMENTATIONS = YES;
				CLANG_WARN_DIRECT_OBJC_ISA_USAGE = YES_ERROR;
				CLANG_WARN_DOCUMENTATION_COMMENTS = YES;
				CLANG_WARN_EMPTY_BODY = YES;
				CLANG_WARN_ENUM_CONVERSION = YES;
				CLANG_WARN_INFINITE_RECURSION = YES;
				CLANG_WARN_INT_CONVERSION = YES;
				CLANG_WARN_NON_LITERAL_NULL_CONVERSION = YES;
				CLANG_WARN_OBJC_IMPLICIT_RETAIN_SELF = YES;
				CLANG_WARN_OBJC_LITERAL_CONVERSION = YES;
				CLANG_WARN_OBJC_ROOT_CLASS = YES_ERROR;
				CLANG_WARN_QUOTED_INCLUDE_IN_FRAMEWORK_HEADER = YES;
				CLANG_WARN_RANGE_LOOP_ANALYSIS = YES;
				CLANG_WARN_STRICT_PROTOTYPES = YES;
				CLANG_WARN_SUSPICIOUS_MOVE = YES;
				CLANG_WARN_UNGUARDED_AVAILABILITY = YES_AGGRESSIVE;
				CLANG_WARN_UNREACHABLE_CODE = YES;
				CLANG_WARN__DUPLICATE_METHOD_MATCH = YES;
				COPY_PHASE_STRIP = NO;
				DEBUG_INFORMATION_FORMAT = dwarf;
				ENABLE_STRICT_OBJC_MSGSEND = YES;
				ENABLE_TESTABILITY = YES;
				GCC_C_LANGUAGE_STANDARD = gnu11;
				GCC_DYNAMIC_NO_PIC = NO;
				GCC_NO_COMMON_BLOCKS = YES;
				GCC_OPTIMIZATION_LEVEL = 0;
				GCC_PREPROCESSOR_DEFINITIONS = (
					"DEBUG=1",
					"$(inherited)",
				);
				GCC_WARN_64_TO_32_BIT_CONVERSION = YES;
				GCC_WARN_ABOUT_RETURN_TYPE = YES_ERROR;
				GCC_WARN_UNDECLARED_SELECTOR = YES;
				GCC_WARN_UNINITIALIZED_AUTOS = YES_AGGRESSIVE;
				GCC_WARN_UNUSED_FUNCTION = YES;
				GCC_WARN_UNUSED_VARIABLE = YES;
				IPHONEOS_DEPLOYMENT_TARGET = 16.4;
				MTL_ENABLE_DEBUG_INFO = INCLUDE_SOURCE;
				MTL_FAST_MATH = YES;
				ONLY_ACTIVE_ARCH = YES;
				SDKROOT = iphoneos;
				SWIFT_ACTIVE_COMPILATION_CONDITIONS = DEBUG;
				SWIFT_OPTIMIZATION_LEVEL = "-Onone";
			};
			name = Debug;
		};
		F734BABC2B058890005E4F63 /* Release */ = {
			isa = XCBuildConfiguration;
			buildSettings = {
				ALWAYS_SEARCH_USER_PATHS = NO;
				CLANG_ANALYZER_NONNULL = YES;
				CLANG_ANALYZER_NUMBER_OBJECT_CONVERSION = YES_AGGRESSIVE;
				CLANG_CXX_LANGUAGE_STANDARD = "gnu++20";
				CLANG_ENABLE_MODULES = YES;
				CLANG_ENABLE_OBJC_ARC = YES;
				CLANG_ENABLE_OBJC_WEAK = YES;
				CLANG_WARN_BLOCK_CAPTURE_AUTORELEASING = YES;
				CLANG_WARN_BOOL_CONVERSION = YES;
				CLANG_WARN_COMMA = YES;
				CLANG_WARN_CONSTANT_CONVERSION = YES;
				CLANG_WARN_DEPRECATED_OBJC_IMPLEMENTATIONS = YES;
				CLANG_WARN_DIRECT_OBJC_ISA_USAGE = YES_ERROR;
				CLANG_WARN_DOCUMENTATION_COMMENTS = YES;
				CLANG_WARN_EMPTY_BODY = YES;
				CLANG_WARN_ENUM_CONVERSION = YES;
				CLANG_WARN_INFINITE_RECURSION = YES;
				CLANG_WARN_INT_CONVERSION = YES;
				CLANG_WARN_NON_LITERAL_NULL_CONVERSION = YES;
				CLANG_WARN_OBJC_IMPLICIT_RETAIN_SELF = YES;
				CLANG_WARN_OBJC_LITERAL_CONVERSION = YES;
				CLANG_WARN_OBJC_ROOT_CLASS = YES_ERROR;
				CLANG_WARN_QUOTED_INCLUDE_IN_FRAMEWORK_HEADER = YES;
				CLANG_WARN_RANGE_LOOP_ANALYSIS = YES;
				CLANG_WARN_STRICT_PROTOTYPES = YES;
				CLANG_WARN_SUSPICIOUS_MOVE = YES;
				CLANG_WARN_UNGUARDED_AVAILABILITY = YES_AGGRESSIVE;
				CLANG_WARN_UNREACHABLE_CODE = YES;
				CLANG_WARN__DUPLICATE_METHOD_MATCH = YES;
				COPY_PHASE_STRIP = NO;
				DEBUG_INFORMATION_FORMAT = "dwarf-with-dsym";
				ENABLE_NS_ASSERTIONS = NO;
				ENABLE_STRICT_OBJC_MSGSEND = YES;
				GCC_C_LANGUAGE_STANDARD = gnu11;
				GCC_NO_COMMON_BLOCKS = YES;
				GCC_WARN_64_TO_32_BIT_CONVERSION = YES;
				GCC_WARN_ABOUT_RETURN_TYPE = YES_ERROR;
				GCC_WARN_UNDECLARED_SELECTOR = YES;
				GCC_WARN_UNINITIALIZED_AUTOS = YES_AGGRESSIVE;
				GCC_WARN_UNUSED_FUNCTION = YES;
				GCC_WARN_UNUSED_VARIABLE = YES;
				IPHONEOS_DEPLOYMENT_TARGET = 16.4;
				MTL_ENABLE_DEBUG_INFO = NO;
				MTL_FAST_MATH = YES;
				SDKROOT = iphoneos;
				SWIFT_COMPILATION_MODE = wholemodule;
				SWIFT_OPTIMIZATION_LEVEL = "-O";
				VALIDATE_PRODUCT = YES;
			};
			name = Release;
		};
		F734BABE2B058890005E4F63 /* Debug */ = {
			isa = XCBuildConfiguration;
			buildSettings = {
				ASSETCATALOG_COMPILER_APPICON_NAME = AppIcon;
				ASSETCATALOG_COMPILER_GLOBAL_ACCENT_COLOR_NAME = AccentColor;
				CODE_SIGN_STYLE = Automatic;
				CURRENT_PROJECT_VERSION = 1;
				DEVELOPMENT_ASSET_PATHS = "\"Medicin_lab_Shin/Preview Content\"";
				ENABLE_PREVIEWS = YES;
				GENERATE_INFOPLIST_FILE = YES;
				INFOPLIST_KEY_UIApplicationSceneManifest_Generation = YES;
				INFOPLIST_KEY_UIApplicationSupportsIndirectInputEvents = YES;
				INFOPLIST_KEY_UILaunchScreen_Generation = YES;
				INFOPLIST_KEY_UISupportedInterfaceOrientations_iPad = "UIInterfaceOrientationPortrait UIInterfaceOrientationPortraitUpsideDown UIInterfaceOrientationLandscapeLeft UIInterfaceOrientationLandscapeRight";
				INFOPLIST_KEY_UISupportedInterfaceOrientations_iPhone = "UIInterfaceOrientationPortrait UIInterfaceOrientationLandscapeLeft UIInterfaceOrientationLandscapeRight";
				LD_RUNPATH_SEARCH_PATHS = (
					"$(inherited)",
					"@executable_path/Frameworks",
				);
				MARKETING_VERSION = 1.0;
				PRODUCT_BUNDLE_IDENTIFIER = "com.experiment.Medicin-lab-Shin";
				PRODUCT_NAME = "$(TARGET_NAME)";
				SWIFT_EMIT_LOC_STRINGS = YES;
				SWIFT_VERSION = 5.0;
				TARGETED_DEVICE_FAMILY = "1,2";
			};
			name = Debug;
		};
		F734BABF2B058890005E4F63 /* Release */ = {
			isa = XCBuildConfiguration;
			buildSettings = {
				ASSETCATALOG_COMPILER_APPICON_NAME = AppIcon;
				ASSETCATALOG_COMPILER_GLOBAL_ACCENT_COLOR_NAME = AccentColor;
				CODE_SIGN_STYLE = Automatic;
				CURRENT_PROJECT_VERSION = 1;
				DEVELOPMENT_ASSET_PATHS = "\"Medicin_lab_Shin/Preview Content\"";
				ENABLE_PREVIEWS = YES;
				GENERATE_INFOPLIST_FILE = YES;
				INFOPLIST_KEY_UIApplicationSceneManifest_Generation = YES;
				INFOPLIST_KEY_UIApplicationSupportsIndirectInputEvents = YES;
				INFOPLIST_KEY_UILaunchScreen_Generation = YES;
				INFOPLIST_KEY_UISupportedInterfaceOrientations_iPad = "UIInterfaceOrientationPortrait UIInterfaceOrientationPortraitUpsideDown UIInterfaceOrientationLandscapeLeft UIInterfaceOrientationLandscapeRight";
				INFOPLIST_KEY_UISupportedInterfaceOrientations_iPhone = "UIInterfaceOrientationPortrait UIInterfaceOrientationLandscapeLeft UIInterfaceOrientationLandscapeRight";
				LD_RUNPATH_SEARCH_PATHS = (
					"$(inherited)",
					"@executable_path/Frameworks",
				);
				MARKETING_VERSION = 1.0;
				PRODUCT_BUNDLE_IDENTIFIER = "com.experiment.Medicin-lab-Shin";
				PRODUCT_NAME = "$(TARGET_NAME)";
				SWIFT_EMIT_LOC_STRINGS = YES;
				SWIFT_VERSION = 5.0;
				TARGETED_DEVICE_FAMILY = "1,2";
			};
			name = Release;
		};
/* End XCBuildConfiguration section */

/* Begin XCConfigurationList section */
		F734BAAA2B05888F005E4F63 /* Build configuration list for PBXProject "Medicin_lab_Shin" */ = {
			isa = XCConfigurationList;
			buildConfigurations = (
				F734BABB2B058890005E4F63 /* Debug */,
				F734BABC2B058890005E4F63 /* Release */,
			);
			defaultConfigurationIsVisible = 0;
			defaultConfigurationName = Release;
		};
		F734BABD2B058890005E4F63 /* Build configuration list for PBXNativeTarget "Medicin_lab_Shin" */ = {
			isa = XCConfigurationList;
			buildConfigurations = (
				F734BABE2B058890005E4F63 /* Debug */,
				F734BABF2B058890005E4F63 /* Release */,
			);
			defaultConfigurationIsVisible = 0;
			defaultConfigurationName = Release;
		};
/* End XCConfigurationList section */
	};
	rootObject = F734BAA72B05888F005E4F63 /* Project object */;
}
